
Microsoft Visual Studio Solution File, Format Version 12.00
# Visual Studio Version 17
VisualStudioVersion = 17.11.35312.102
MinimumVisualStudioVersion = 10.0.40219.1
Project("{9A19103F-16F7-4668-BE54-9A1E7A4F7556}") = "VarsityMetrics", "VarsityMetrics\VarsityMetrics.csproj", "{A29155C9-32FB-4EB6-9FCF-FE3B2ADF0B4E}"
EndProject
Global
	GlobalSection(SolutionConfigurationPlatforms) = preSolution
		Debug|Any CPU = Debug|Any CPU
		Release|Any CPU = Release|Any CPU
	EndGlobalSection
	GlobalSection(ProjectConfigurationPlatforms) = postSolution
		{A29155C9-32FB-4EB6-9FCF-FE3B2ADF0B4E}.Debug|Any CPU.ActiveCfg = Debug|Any CPU
		{A29155C9-32FB-4EB6-9FCF-FE3B2ADF0B4E}.Debug|Any CPU.Build.0 = Debug|Any CPU
		{A29155C9-32FB-4EB6-9FCF-FE3B2ADF0B4E}.Debug|Any CPU.Deploy.0 = Debug|Any CPU
		{A29155C9-32FB-4EB6-9FCF-FE3B2ADF0B4E}.Release|Any CPU.ActiveCfg = Release|Any CPU
		{A29155C9-32FB-4EB6-9FCF-FE3B2ADF0B4E}.Release|Any CPU.Build.0 = Release|Any CPU
		{A29155C9-32FB-4EB6-9FCF-FE3B2ADF0B4E}.Release|Any CPU.Deploy.0 = Release|Any CPU
	EndGlobalSection
	GlobalSection(SolutionProperties) = preSolution
		HideSolutionNode = FALSE
	EndGlobalSection
	GlobalSection(ExtensibilityGlobals) = postSolution
		SolutionGuid = {D0E999E8-E19F-406E-9FF8-01A63A9EC60A}
	EndGlobalSection
EndGlobal
